
Microsoft Visual Studio Solution File, Format Version 12.00
# Visual Studio Version 16
VisualStudioVersion = 16.0.30907.101
MinimumVisualStudioVersion = 10.0.40219.1
Project("{FAE04EC0-301F-11D3-BF4B-00C04F79EFBC}") = "Producer.API", "Producer.API\Producer.API.csproj", "{0EB023CC-CBCB-46C8-AFEA-C1F40B39A512}"
EndProject
Global
	GlobalSection(SolutionConfigurationPlatforms) = preSolution
		Debug|Any CPU = Debug|Any CPU
		Release|Any CPU = Release|Any CPU
	EndGlobalSection
	GlobalSection(ProjectConfigurationPlatforms) = postSolution
		{0EB023CC-CBCB-46C8-AFEA-C1F40B39A512}.Debug|Any CPU.ActiveCfg = Debug|Any CPU
		{0EB023CC-CBCB-46C8-AFEA-C1F40B39A512}.Debug|Any CPU.Build.0 = Debug|Any CPU
		{0EB023CC-CBCB-46C8-AFEA-C1F40B39A512}.Release|Any CPU.ActiveCfg = Release|Any CPU
		{0EB023CC-CBCB-46C8-AFEA-C1F40B39A512}.Release|Any CPU.Build.0 = Release|Any CPU
	EndGlobalSection
	GlobalSection(SolutionProperties) = preSolution
		HideSolutionNode = FALSE
	EndGlobalSection
	GlobalSection(ExtensibilityGlobals) = postSolution
		SolutionGuid = {148447DD-3A52-465D-B8FF-0F73CD7D294A}
	EndGlobalSection
EndGlobal
